// !$*UTF8*$!
{
	archiveVersion = 1;
	classes = {
	};
	objectVersion = 46;
	objects = {

/* Begin PBXBuildFile section */
		5C059D191320151900CF274E /* OCCursesManager.h in Headers */ = {isa = PBXBuildFile; fileRef = 5C059D171320151700CF274E /* OCCursesManager.h */; settings = {ATTRIBUTES = (Public, ); }; };
		5C059D1A1320151900CF274E /* OCCursesManager.m in Sources */ = {isa = PBXBuildFile; fileRef = 5C059D181320151700CF274E /* OCCursesManager.m */; };
		5C059D2313201A7800CF274E /* OCCharacter.h in Headers */ = {isa = PBXBuildFile; fileRef = 5C059D2213201A7700CF274E /* OCCharacter.h */; settings = {ATTRIBUTES = (Public, ); }; };
		5C085487132183B00003DEE8 /* Foundation.framework in Frameworks */ = {isa = PBXBuildFile; fileRef = 5C085486132183B00003DEE8 /* Foundation.framework */; };
		5C0AD64413207DBA00BF7B1D /* OCKey.h in Headers */ = {isa = PBXBuildFile; fileRef = 5C0AD64313207DBA00BF7B1D /* OCKey.h */; settings = {ATTRIBUTES = (Public, ); }; };
		5C0AD64A132091BC00BF7B1D /* OCCursesFramework.h in Headers */ = {isa = PBXBuildFile; fileRef = 5C0AD649132091BB00BF7B1D /* OCCursesFramework.h */; settings = {ATTRIBUTES = (Public, ); }; };
		5C4295B1131F358100704B36 /* InfoPlist.strings in Resources */ = {isa = PBXBuildFile; fileRef = 5C4295AF131F358100704B36 /* InfoPlist.strings */; };
		5C4295BC131F35CE00704B36 /* OCBorder.h in Headers */ = {isa = PBXBuildFile; fileRef = 5C4295BA131F35CE00704B36 /* OCBorder.h */; settings = {ATTRIBUTES = (Public, ); }; };
		5C4295BD131F35CE00704B36 /* OCBorder.m in Sources */ = {isa = PBXBuildFile; fileRef = 5C4295BB131F35CE00704B36 /* OCBorder.m */; };
		5C4295C1131F39EF00704B36 /* OCColor.h in Headers */ = {isa = PBXBuildFile; fileRef = 5C4295BF131F39EF00704B36 /* OCColor.h */; settings = {ATTRIBUTES = (Public, ); }; };
		5C4295C2131F39EF00704B36 /* OCColor.m in Sources */ = {isa = PBXBuildFile; fileRef = 5C4295C0131F39EF00704B36 /* OCColor.m */; };
		5C4295C5131F3CB300704B36 /* OCColorPair.h in Headers */ = {isa = PBXBuildFile; fileRef = 5C4295C3131F3CB300704B36 /* OCColorPair.h */; settings = {ATTRIBUTES = (Public, ); }; };
		5C4295C6131F3CB300704B36 /* OCColorPair.m in Sources */ = {isa = PBXBuildFile; fileRef = 5C4295C4131F3CB300704B36 /* OCColorPair.m */; };
		5C4295C9131F3E4800704B36 /* OCAttribute.h in Headers */ = {isa = PBXBuildFile; fileRef = 5C4295C7131F3E4700704B36 /* OCAttribute.h */; settings = {ATTRIBUTES = (Public, ); }; };
		5C4295CA131F3E4800704B36 /* OCAttribute.m in Sources */ = {isa = PBXBuildFile; fileRef = 5C4295C8131F3E4800704B36 /* OCAttribute.m */; };
		5C4295CD131F44FF00704B36 /* OCWindow.h in Headers */ = {isa = PBXBuildFile; fileRef = 5C4295CB131F44FD00704B36 /* OCWindow.h */; settings = {ATTRIBUTES = (Public, ); }; };
		5C4295CE131F44FF00704B36 /* OCWindow.m in Sources */ = {isa = PBXBuildFile; fileRef = 5C4295CC131F44FE00704B36 /* OCWindow.m */; };
/* End PBXBuildFile section */

/* Begin PBXFileReference section */
		5C059D171320151700CF274E /* OCCursesManager.h */ = {isa = PBXFileReference; fileEncoding = 4; lastKnownFileType = sourcecode.c.h; path = OCCursesManager.h; sourceTree = "<group>"; };
		5C059D181320151700CF274E /* OCCursesManager.m */ = {isa = PBXFileReference; fileEncoding = 4; lastKnownFileType = sourcecode.c.objc; path = OCCursesManager.m; sourceTree = "<group>"; };
		5C059D2213201A7700CF274E /* OCCharacter.h */ = {isa = PBXFileReference; fileEncoding = 4; lastKnownFileType = sourcecode.c.h; path = OCCharacter.h; sourceTree = "<group>"; };
		5C085486132183B00003DEE8 /* Foundation.framework */ = {isa = PBXFileReference; lastKnownFileType = wrapper.framework; name = Foundation.framework; path = System/Library/Frameworks/Foundation.framework; sourceTree = SDKROOT; };
		5C0AD64313207DBA00BF7B1D /* OCKey.h */ = {isa = PBXFileReference; fileEncoding = 4; lastKnownFileType = sourcecode.c.h; path = OCKey.h; sourceTree = "<group>"; };
		5C0AD649132091BB00BF7B1D /* OCCursesFramework.h */ = {isa = PBXFileReference; fileEncoding = 4; lastKnownFileType = sourcecode.c.h; path = OCCursesFramework.h; sourceTree = "<group>"; };
		5C4295A3131F358000704B36 /* OCCurses.framework */ = {isa = PBXFileReference; explicitFileType = wrapper.framework; includeInIndex = 0; path = OCCurses.framework; sourceTree = BUILT_PRODUCTS_DIR; };
		5C4295AE131F358100704B36 /* OCCurses-Info.plist */ = {isa = PBXFileReference; lastKnownFileType = text.plist.xml; path = "OCCurses-Info.plist"; sourceTree = "<group>"; };
		5C4295B0131F358100704B36 /* en */ = {isa = PBXFileReference; lastKnownFileType = text.plist.strings; name = en; path = en.lproj/InfoPlist.strings; sourceTree = "<group>"; };
		5C4295B2131F358100704B36 /* OCCurses-Prefix.pch */ = {isa = PBXFileReference; lastKnownFileType = sourcecode.c.h; path = "OCCurses-Prefix.pch"; sourceTree = "<group>"; };
		5C4295BA131F35CE00704B36 /* OCBorder.h */ = {isa = PBXFileReference; fileEncoding = 4; lastKnownFileType = sourcecode.c.h; path = OCBorder.h; sourceTree = "<group>"; };
		5C4295BB131F35CE00704B36 /* OCBorder.m */ = {isa = PBXFileReference; fileEncoding = 4; lastKnownFileType = sourcecode.c.objc; path = OCBorder.m; sourceTree = "<group>"; };
		5C4295BF131F39EF00704B36 /* OCColor.h */ = {isa = PBXFileReference; fileEncoding = 4; lastKnownFileType = sourcecode.c.h; path = OCColor.h; sourceTree = "<group>"; };
		5C4295C0131F39EF00704B36 /* OCColor.m */ = {isa = PBXFileReference; fileEncoding = 4; lastKnownFileType = sourcecode.c.objc; path = OCColor.m; sourceTree = "<group>"; };
		5C4295C3131F3CB300704B36 /* OCColorPair.h */ = {isa = PBXFileReference; fileEncoding = 4; lastKnownFileType = sourcecode.c.h; path = OCColorPair.h; sourceTree = "<group>"; };
		5C4295C4131F3CB300704B36 /* OCColorPair.m */ = {isa = PBXFileReference; fileEncoding = 4; lastKnownFileType = sourcecode.c.objc; path = OCColorPair.m; sourceTree = "<group>"; };
		5C4295C7131F3E4700704B36 /* OCAttribute.h */ = {isa = PBXFileReference; fileEncoding = 4; lastKnownFileType = sourcecode.c.h; path = OCAttribute.h; sourceTree = "<group>"; };
		5C4295C8131F3E4800704B36 /* OCAttribute.m */ = {isa = PBXFileReference; fileEncoding = 4; lastKnownFileType = sourcecode.c.objc; path = OCAttribute.m; sourceTree = "<group>"; };
		5C4295CB131F44FD00704B36 /* OCWindow.h */ = {isa = PBXFileReference; fileEncoding = 4; lastKnownFileType = sourcecode.c.h; path = OCWindow.h; sourceTree = "<group>"; };
		5C4295CC131F44FE00704B36 /* OCWindow.m */ = {isa = PBXFileReference; fileEncoding = 4; lastKnownFileType = sourcecode.c.objc; path = OCWindow.m; sourceTree = "<group>"; };
/* End PBXFileReference section */

/* Begin PBXFrameworksBuildPhase section */
		5C42959F131F358000704B36 /* Frameworks */ = {
			isa = PBXFrameworksBuildPhase;
			buildActionMask = 2147483647;
			files = (
				5C085487132183B00003DEE8 /* Foundation.framework in Frameworks */,
			);
			runOnlyForDeploymentPostprocessing = 0;
		};
/* End PBXFrameworksBuildPhase section */

/* Begin PBXGroup section */
		5C0AD6461320919400BF7B1D /* Window */ = {
			isa = PBXGroup;
			children = (
				5C4295CB131F44FD00704B36 /* OCWindow.h */,
				5C4295CC131F44FE00704B36 /* OCWindow.m */,
			);
			name = Window;
			sourceTree = "<group>";
		};
		5C0AD6471320919F00BF7B1D /* Manager */ = {
			isa = PBXGroup;
			children = (
				5C059D171320151700CF274E /* OCCursesManager.h */,
				5C059D181320151700CF274E /* OCCursesManager.m */,
			);
			name = Manager;
			sourceTree = "<group>";
		};
		5C0AD648132091A900BF7B1D /* Keyboard */ = {
			isa = PBXGroup;
			children = (
				5C059D2213201A7700CF274E /* OCCharacter.h */,
				5C0AD64313207DBA00BF7B1D /* OCKey.h */,
			);
			name = Keyboard;
			sourceTree = "<group>";
		};
		5C429597131F358000704B36 = {
			isa = PBXGroup;
			children = (
				5C4295AC131F358000704B36 /* OCCurses */,
				5C4295A5131F358000704B36 /* Frameworks */,
				5C4295A4131F358000704B36 /* Products */,
			);
			sourceTree = "<group>";
		};
		5C4295A4131F358000704B36 /* Products */ = {
			isa = PBXGroup;
			children = (
				5C4295A3131F358000704B36 /* OCCurses.framework */,
			);
			name = Products;
			sourceTree = "<group>";
		};
		5C4295A5131F358000704B36 /* Frameworks */ = {
			isa = PBXGroup;
			children = (
				5C085486132183B00003DEE8 /* Foundation.framework */,
			);
			name = Frameworks;
			sourceTree = "<group>";
		};
		5C4295AC131F358000704B36 /* OCCurses */ = {
			isa = PBXGroup;
			children = (
				5C4295B8131F35B500704B36 /* Source */,
				5C4295AD131F358100704B36 /* Supporting Files */,
			);
			path = OCCurses;
			sourceTree = "<group>";
		};
		5C4295AD131F358100704B36 /* Supporting Files */ = {
			isa = PBXGroup;
			children = (
				5C4295AE131F358100704B36 /* OCCurses-Info.plist */,
				5C4295AF131F358100704B36 /* InfoPlist.strings */,
				5C4295B2131F358100704B36 /* OCCurses-Prefix.pch */,
			);
			name = "Supporting Files";
			sourceTree = "<group>";
		};
		5C4295B8131F35B500704B36 /* Source */ = {
			isa = PBXGroup;
			children = (
				5C0AD649132091BB00BF7B1D /* OCCursesFramework.h */,
				5C4295BE131F39E200704B36 /* Attributes */,
				5C0AD648132091A900BF7B1D /* Keyboard */,
				5C0AD6471320919F00BF7B1D /* Manager */,
				5C0AD6461320919400BF7B1D /* Window */,
			);
			path = Source;
			sourceTree = "<group>";
		};
		5C4295BE131F39E200704B36 /* Attributes */ = {
			isa = PBXGroup;
			children = (
				5C4295C7131F3E4700704B36 /* OCAttribute.h */,
				5C4295C8131F3E4800704B36 /* OCAttribute.m */,
				5C4295BA131F35CE00704B36 /* OCBorder.h */,
				5C4295BB131F35CE00704B36 /* OCBorder.m */,
				5C4295BF131F39EF00704B36 /* OCColor.h */,
				5C4295C0131F39EF00704B36 /* OCColor.m */,
				5C4295C3131F3CB300704B36 /* OCColorPair.h */,
				5C4295C4131F3CB300704B36 /* OCColorPair.m */,
			);
			name = Attributes;
			sourceTree = "<group>";
		};
/* End PBXGroup section */

/* Begin PBXHeadersBuildPhase section */
		5C4295A0131F358000704B36 /* Headers */ = {
			isa = PBXHeadersBuildPhase;
			buildActionMask = 2147483647;
			files = (
				5C4295BC131F35CE00704B36 /* OCBorder.h in Headers */,
				5C4295C1131F39EF00704B36 /* OCColor.h in Headers */,
				5C4295C5131F3CB300704B36 /* OCColorPair.h in Headers */,
				5C4295C9131F3E4800704B36 /* OCAttribute.h in Headers */,
				5C4295CD131F44FF00704B36 /* OCWindow.h in Headers */,
				5C059D191320151900CF274E /* OCCursesManager.h in Headers */,
				5C059D2313201A7800CF274E /* OCCharacter.h in Headers */,
				5C0AD64413207DBA00BF7B1D /* OCKey.h in Headers */,
				5C0AD64A132091BC00BF7B1D /* OCCursesFramework.h in Headers */,
			);
			runOnlyForDeploymentPostprocessing = 0;
		};
/* End PBXHeadersBuildPhase section */

/* Begin PBXNativeTarget section */
		5C4295A2131F358000704B36 /* OCCurses */ = {
			isa = PBXNativeTarget;
			buildConfigurationList = 5C4295B5131F358100704B36 /* Build configuration list for PBXNativeTarget "OCCurses" */;
			buildPhases = (
				5C42959E131F358000704B36 /* Sources */,
				5C42959F131F358000704B36 /* Frameworks */,
				5C4295A0131F358000704B36 /* Headers */,
				5C4295A1131F358000704B36 /* Resources */,
			);
			buildRules = (
			);
			dependencies = (
			);
			name = OCCurses;
			productName = OCCurses;
			productReference = 5C4295A3131F358000704B36 /* OCCurses.framework */;
			productType = "com.apple.product-type.framework";
		};
/* End PBXNativeTarget section */

/* Begin PBXProject section */
		5C429599131F358000704B36 /* Project object */ = {
			isa = PBXProject;
			attributes = {
				ORGANIZATIONNAME = "Itai Ferber";
			};
			buildConfigurationList = 5C42959C131F358000704B36 /* Build configuration list for PBXProject "OCCurses" */;
			compatibilityVersion = "Xcode 3.2";
			developmentRegion = English;
			hasScannedForEncodings = 0;
			knownRegions = (
				en,
			);
			mainGroup = 5C429597131F358000704B36;
			productRefGroup = 5C4295A4131F358000704B36 /* Products */;
			projectDirPath = "";
			projectRoot = "";
			targets = (
				5C4295A2131F358000704B36 /* OCCurses */,
			);
		};
/* End PBXProject section */

/* Begin PBXResourcesBuildPhase section */
		5C4295A1131F358000704B36 /* Resources */ = {
			isa = PBXResourcesBuildPhase;
			buildActionMask = 2147483647;
			files = (
				5C4295B1131F358100704B36 /* InfoPlist.strings in Resources */,
			);
			runOnlyForDeploymentPostprocessing = 0;
		};
/* End PBXResourcesBuildPhase section */

/* Begin PBXSourcesBuildPhase section */
		5C42959E131F358000704B36 /* Sources */ = {
			isa = PBXSourcesBuildPhase;
			buildActionMask = 2147483647;
			files = (
				5C4295BD131F35CE00704B36 /* OCBorder.m in Sources */,
				5C4295C2131F39EF00704B36 /* OCColor.m in Sources */,
				5C4295C6131F3CB300704B36 /* OCColorPair.m in Sources */,
				5C4295CA131F3E4800704B36 /* OCAttribute.m in Sources */,
				5C4295CE131F44FF00704B36 /* OCWindow.m in Sources */,
				5C059D1A1320151900CF274E /* OCCursesManager.m in Sources */,
			);
			runOnlyForDeploymentPostprocessing = 0;
		};
/* End PBXSourcesBuildPhase section */

/* Begin PBXVariantGroup section */
		5C4295AF131F358100704B36 /* InfoPlist.strings */ = {
			isa = PBXVariantGroup;
			children = (
				5C4295B0131F358100704B36 /* en */,
			);
			name = InfoPlist.strings;
			sourceTree = "<group>";
		};
/* End PBXVariantGroup section */

/* Begin XCBuildConfiguration section */
		5C4295B3131F358100704B36 /* Debug */ = {
			isa = XCBuildConfiguration;
			buildSettings = {
				ARCHS = "$(ARCHS_STANDARD_32_64_BIT)";
				GCC_C_LANGUAGE_STANDARD = gnu99;
				GCC_OPTIMIZATION_LEVEL = 0;
				GCC_PREPROCESSOR_DEFINITIONS = DEBUG;
				GCC_VERSION = com.apple.compilers.llvm.clang.1_0;
				GCC_WARN_64_TO_32_BIT_CONVERSION = YES;
				GCC_WARN_ABOUT_RETURN_TYPE = YES;
				GCC_WARN_UNUSED_VARIABLE = YES;
				MACOSX_DEPLOYMENT_TARGET = 10.6;
				ONLY_ACTIVE_ARCH = YES;
				SDKROOT = macosx;
			};
			name = Debug;
		};
		5C4295B4131F358100704B36 /* Release */ = {
			isa = XCBuildConfiguration;
			buildSettings = {
				ARCHS = "$(ARCHS_STANDARD_32_64_BIT)";
				GCC_C_LANGUAGE_STANDARD = gnu99;
				GCC_VERSION = com.apple.compilers.llvm.clang.1_0;
				GCC_WARN_64_TO_32_BIT_CONVERSION = YES;
				GCC_WARN_ABOUT_RETURN_TYPE = YES;
				GCC_WARN_UNUSED_VARIABLE = YES;
				MACOSX_DEPLOYMENT_TARGET = 10.6;
				SDKROOT = macosx;
			};
			name = Release;
		};
		5C4295B6131F358100704B36 /* Debug */ = {
			isa = XCBuildConfiguration;
			buildSettings = {
				ALWAYS_SEARCH_USER_PATHS = NO;
				COPY_PHASE_STRIP = NO;
				DYLIB_COMPATIBILITY_VERSION = 1;
				DYLIB_CURRENT_VERSION = 1;
				FRAMEWORK_VERSION = A;
				GCC_DYNAMIC_NO_PIC = NO;
				GCC_ENABLE_OBJC_EXCEPTIONS = YES;
				GCC_PRECOMPILE_PREFIX_HEADER = YES;
				GCC_PREFIX_HEADER = "OCCurses/OCCurses-Prefix.pch";
				INFOPLIST_FILE = "OCCurses/OCCurses-Info.plist";
				INSTALL_PATH = "@executable_path";
				OTHER_LDFLAGS = (
					"-lpanel",
					"-lncurses",
				);
				PRODUCT_NAME = "$(TARGET_NAME)";
				WRAPPER_EXTENSION = framework;
			};
			name = Debug;
		};
		5C4295B7131F358100704B36 /* Release */ = {
			isa = XCBuildConfiguration;
			buildSettings = {
				ALWAYS_SEARCH_USER_PATHS = NO;
				COPY_PHASE_STRIP = YES;
				DEBUG_INFORMATION_FORMAT = "dwarf-with-dsym";
				DYLIB_COMPATIBILITY_VERSION = 1;
				DYLIB_CURRENT_VERSION = 1;
				FRAMEWORK_VERSION = A;
				GCC_ENABLE_OBJC_EXCEPTIONS = YES;
				GCC_PRECOMPILE_PREFIX_HEADER = YES;
				GCC_PREFIX_HEADER = "OCCurses/OCCurses-Prefix.pch";
				INFOPLIST_FILE = "OCCurses/OCCurses-Info.plist";
				INSTALL_PATH = "@executable_path";
				OTHER_LDFLAGS = (
					"-lpanel",
					"-lncurses",
				);
				PRODUCT_NAME = "$(TARGET_NAME)";
				WRAPPER_EXTENSION = framework;
			};
			name = Release;
		};
/* End XCBuildConfiguration section */

/* Begin XCConfigurationList section */
		5C42959C131F358000704B36 /* Build configuration list for PBXProject "OCCurses" */ = {
			isa = XCConfigurationList;
			buildConfigurations = (
				5C4295B3131F358100704B36 /* Debug */,
				5C4295B4131F358100704B36 /* Release */,
			);
			defaultConfigurationIsVisible = 0;
			defaultConfigurationName = Release;
		};
		5C4295B5131F358100704B36 /* Build configuration list for PBXNativeTarget "OCCurses" */ = {
			isa = XCConfigurationList;
			buildConfigurations = (
				5C4295B6131F358100704B36 /* Debug */,
				5C4295B7131F358100704B36 /* Release */,
			);
			defaultConfigurationIsVisible = 0;
			defaultConfigurationName = Release;
		};
/* End XCConfigurationList section */
	};
	rootObject = 5C429599131F358000704B36 /* Project object */;
}
